
Microsoft Visual Studio Solution File, Format Version 12.00
# Visual Studio Version 16
VisualStudioVersion = 16.0.30413.136
MinimumVisualStudioVersion = 10.0.40219.1
Project("{FAE04EC0-301F-11D3-BF4B-00C04F79EFBC}") = "Loja Virtual", "Loja Virtual\Loja Virtual.csproj", "{4810EC92-CED9-4957-8D4F-2CD256406585}"
EndProject
Global
	GlobalSection(SolutionConfigurationPlatforms) = preSolution
		Debug|Any CPU = Debug|Any CPU
		Release|Any CPU = Release|Any CPU
	EndGlobalSection
	GlobalSection(ProjectConfigurationPlatforms) = postSolution
		{4810EC92-CED9-4957-8D4F-2CD256406585}.Debug|Any CPU.ActiveCfg = Debug|Any CPU
		{4810EC92-CED9-4957-8D4F-2CD256406585}.Debug|Any CPU.Build.0 = Debug|Any CPU
		{4810EC92-CED9-4957-8D4F-2CD256406585}.Release|Any CPU.ActiveCfg = Release|Any CPU
		{4810EC92-CED9-4957-8D4F-2CD256406585}.Release|Any CPU.Build.0 = Release|Any CPU
	EndGlobalSection
	GlobalSection(SolutionProperties) = preSolution
		HideSolutionNode = FALSE
	EndGlobalSection
	GlobalSection(ExtensibilityGlobals) = postSolution
		SolutionGuid = {064EB8AC-93EB-4695-9555-87EF4FAD6A0E}
	EndGlobalSection
EndGlobal
